// !$*UTF8*$!
{
	archiveVersion = 1;
	classes = {
	};
	objectVersion = 77;
	objects = {

/* Begin PBXBuildFile section */
		0DAB0275C64D3240817A040E /* HaulHubTests.swift in Sources */ = {isa = PBXBuildFile; fileRef = A474141D1DCD1B446B3CACEB /* HaulHubTests.swift */; };
		11E78ECB6A05C0200D08EEE4 /* HaulerHomeView.swift in Sources */ = {isa = PBXBuildFile; fileRef = 65A16820FCFC18661C987AA3 /* HaulerHomeView.swift */; };
		144685959C00B138E0E53929 /* SplashView.swift in Sources */ = {isa = PBXBuildFile; fileRef = DF5644AE713A8D9914C0EF6F /* SplashView.swift */; };
		36BF37698F42A6E441F3E2FF /* APIClientKey.swift in Sources */ = {isa = PBXBuildFile; fileRef = E55EAC03BD99B033FC96189B /* APIClientKey.swift */; };
		492DF7D0BFF2ED0923CB0FA7 /* HHComponents.swift in Sources */ = {isa = PBXBuildFile; fileRef = 713A41A51DAD4E9423D43E91 /* HHComponents.swift */; };
		6092B29426B931C51413BC39 /* APIClient.swift in Sources */ = {isa = PBXBuildFile; fileRef = 4FCD3839478928EC109394AB /* APIClient.swift */; };
		6C66A11928D11903E1F6FB94 /* HaulHubApp.swift in Sources */ = {isa = PBXBuildFile; fileRef = 2965282ED7BAF4EE50116578 /* HaulHubApp.swift */; };
		6E35B105006F05105351E7EC /* MainTabView.swift in Sources */ = {isa = PBXBuildFile; fileRef = A71F8C969EBA0177CB46226B /* MainTabView.swift */; };
		852121E67C6BD5C1A27CB941 /* ContentView.swift in Sources */ = {isa = PBXBuildFile; fileRef = 6D1C8701795E2FF69406F018 /* ContentView.swift */; };
		8B907D0425CBFC7E468C1769 /* ActiveHaulView.swift in Sources */ = {isa = PBXBuildFile; fileRef = 767E4412CF8FF7873591F6A2 /* ActiveHaulView.swift */; };
		AE33DA4FB095CDBF26115C6A /* ShipperHomeView.swift in Sources */ = {isa = PBXBuildFile; fileRef = 303D15D6B986C15664D788CA /* ShipperHomeView.swift */; };
		BC96B6AB643C09FF570090AC /* MockData.swift in Sources */ = {isa = PBXBuildFile; fileRef = 62AF806C9110046DEB31AC45 /* MockData.swift */; };
		DD2925467C89A7092A23A437 /* LoadDetailView.swift in Sources */ = {isa = PBXBuildFile; fileRef = 5B4E88C459D58639C2FB7296 /* LoadDetailView.swift */; };
		E5E07A27378C17CDCC5213D7 /* HHTheme.swift in Sources */ = {isa = PBXBuildFile; fileRef = 14FCFDA68C7A5E6A1CAE6C55 /* HHTheme.swift */; };
		E768DE30A512B54F0BB1E841 /* Config.swift in Sources */ = {isa = PBXBuildFile; fileRef = F99B9CFF3BDD75314E7464EC /* Config.swift */; };
/* End PBXBuildFile section */

/* Begin PBXContainerItemProxy section */
		7001AB1DF18C497FC252845F /* PBXContainerItemProxy */ = {
			isa = PBXContainerItemProxy;
			containerPortal = 1F6AD388AC59EAD93AC1E0D1 /* Project object */;
			proxyType = 1;
			remoteGlobalIDString = 8EF9C9D68D09E51A7B7B1C9F;
			remoteInfo = HaulHub;
		};
/* End PBXContainerItemProxy section */

/* Begin PBXFileReference section */
		14FCFDA68C7A5E6A1CAE6C55 /* HHTheme.swift */ = {isa = PBXFileReference; lastKnownFileType = sourcecode.swift; path = HHTheme.swift; sourceTree = "<group>"; };
		2965282ED7BAF4EE50116578 /* HaulHubApp.swift */ = {isa = PBXFileReference; lastKnownFileType = sourcecode.swift; path = HaulHubApp.swift; sourceTree = "<group>"; };
		303D15D6B986C15664D788CA /* ShipperHomeView.swift */ = {isa = PBXFileReference; lastKnownFileType = sourcecode.swift; path = ShipperHomeView.swift; sourceTree = "<group>"; };
		3C4FCD142AFAE8BB9921E86E /* HaulHub.app */ = {isa = PBXFileReference; includeInIndex = 0; lastKnownFileType = wrapper.application; path = HaulHub.app; sourceTree = BUILT_PRODUCTS_DIR; };
		4FCD3839478928EC109394AB /* APIClient.swift */ = {isa = PBXFileReference; lastKnownFileType = sourcecode.swift; path = APIClient.swift; sourceTree = "<group>"; };
		5B4E88C459D58639C2FB7296 /* LoadDetailView.swift */ = {isa = PBXFileReference; lastKnownFileType = sourcecode.swift; path = LoadDetailView.swift; sourceTree = "<group>"; };
		5E8D642D0C1F0A676CD44EDC /* HaulHubTests.xctest */ = {isa = PBXFileReference; includeInIndex = 0; lastKnownFileType = wrapper.cfbundle; path = HaulHubTests.xctest; sourceTree = BUILT_PRODUCTS_DIR; };
		62AF806C9110046DEB31AC45 /* MockData.swift */ = {isa = PBXFileReference; lastKnownFileType = sourcecode.swift; path = MockData.swift; sourceTree = "<group>"; };
		65A16820FCFC18661C987AA3 /* HaulerHomeView.swift */ = {isa = PBXFileReference; lastKnownFileType = sourcecode.swift; path = HaulerHomeView.swift; sourceTree = "<group>"; };
		6D1C8701795E2FF69406F018 /* ContentView.swift */ = {isa = PBXFileReference; lastKnownFileType = sourcecode.swift; path = ContentView.swift; sourceTree = "<group>"; };
		713A41A51DAD4E9423D43E91 /* HHComponents.swift */ = {isa = PBXFileReference; lastKnownFileType = sourcecode.swift; path = HHComponents.swift; sourceTree = "<group>"; };
		767E4412CF8FF7873591F6A2 /* ActiveHaulView.swift */ = {isa = PBXFileReference; lastKnownFileType = sourcecode.swift; path = ActiveHaulView.swift; sourceTree = "<group>"; };
		A474141D1DCD1B446B3CACEB /* HaulHubTests.swift */ = {isa = PBXFileReference; lastKnownFileType = sourcecode.swift; path = HaulHubTests.swift; sourceTree = "<group>"; };
		A71F8C969EBA0177CB46226B /* MainTabView.swift */ = {isa = PBXFileReference; lastKnownFileType = sourcecode.swift; path = MainTabView.swift; sourceTree = "<group>"; };
		DF5644AE713A8D9914C0EF6F /* SplashView.swift */ = {isa = PBXFileReference; lastKnownFileType = sourcecode.swift; path = SplashView.swift; sourceTree = "<group>"; };
		E55EAC03BD99B033FC96189B /* APIClientKey.swift */ = {isa = PBXFileReference; lastKnownFileType = sourcecode.swift; path = APIClientKey.swift; sourceTree = "<group>"; };
		F99B9CFF3BDD75314E7464EC /* Config.swift */ = {isa = PBXFileReference; lastKnownFileType = sourcecode.swift; path = Config.swift; sourceTree = "<group>"; };
/* End PBXFileReference section */

/* Begin PBXGroup section */
		21C87D2153FB101DDDE2B6E3 /* App */ = {
			isa = PBXGroup;
			children = (
				6D1C8701795E2FF69406F018 /* ContentView.swift */,
				2965282ED7BAF4EE50116578 /* HaulHubApp.swift */,
			);
			path = App;
			sourceTree = "<group>";
		};
		73640CCDC4B6CF08C01EFDDB /* Products */ = {
			isa = PBXGroup;
			children = (
				3C4FCD142AFAE8BB9921E86E /* HaulHub.app */,
				5E8D642D0C1F0A676CD44EDC /* HaulHubTests.xctest */,
			);
			name = Products;
			sourceTree = "<group>";
		};
		7EC8EB34C99550873B1ADAF8 /* Features */ = {
			isa = PBXGroup;
			children = (
				767E4412CF8FF7873591F6A2 /* ActiveHaulView.swift */,
				65A16820FCFC18661C987AA3 /* HaulerHomeView.swift */,
				5B4E88C459D58639C2FB7296 /* LoadDetailView.swift */,
				A71F8C969EBA0177CB46226B /* MainTabView.swift */,
				303D15D6B986C15664D788CA /* ShipperHomeView.swift */,
				DF5644AE713A8D9914C0EF6F /* SplashView.swift */,
			);
			path = Features;
			sourceTree = "<group>";
		};
		A1A10889DA2B9227A806BD61 = {
			isa = PBXGroup;
			children = (
				B117171878A8E78BFBE62E65 /* HaulHub */,
				F74A7A38AE78BE1BF92D1BE9 /* HaulHubTests */,
				73640CCDC4B6CF08C01EFDDB /* Products */,
			);
			sourceTree = "<group>";
		};
		B117171878A8E78BFBE62E65 /* HaulHub */ = {
			isa = PBXGroup;
			children = (
				21C87D2153FB101DDDE2B6E3 /* App */,
				F5654C2387369F9F263AB547 /* Core */,
				7EC8EB34C99550873B1ADAF8 /* Features */,
				BCDF7513B73EC45762ECA1A5 /* Models */,
			);
			path = HaulHub;
			sourceTree = "<group>";
		};
		BCDF7513B73EC45762ECA1A5 /* Models */ = {
			isa = PBXGroup;
			children = (
				62AF806C9110046DEB31AC45 /* MockData.swift */,
			);
			path = Models;
			sourceTree = "<group>";
		};
		F5654C2387369F9F263AB547 /* Core */ = {
			isa = PBXGroup;
			children = (
				4FCD3839478928EC109394AB /* APIClient.swift */,
				E55EAC03BD99B033FC96189B /* APIClientKey.swift */,
				F99B9CFF3BDD75314E7464EC /* Config.swift */,
				713A41A51DAD4E9423D43E91 /* HHComponents.swift */,
				14FCFDA68C7A5E6A1CAE6C55 /* HHTheme.swift */,
			);
			path = Core;
			sourceTree = "<group>";
		};
		F74A7A38AE78BE1BF92D1BE9 /* HaulHubTests */ = {
			isa = PBXGroup;
			children = (
				A474141D1DCD1B446B3CACEB /* HaulHubTests.swift */,
			);
			path = HaulHubTests;
			sourceTree = "<group>";
		};
/* End PBXGroup section */

/* Begin PBXNativeTarget section */
		8EF9C9D68D09E51A7B7B1C9F /* HaulHub */ = {
			isa = PBXNativeTarget;
			buildConfigurationList = 4D80BDCC6964809C4B1F90B8 /* Build configuration list for PBXNativeTarget "HaulHub" */;
			buildPhases = (
				222477325EF1399710BE4613 /* Sources */,
			);
			buildRules = (
			);
			dependencies = (
			);
			name = HaulHub;
			packageProductDependencies = (
			);
			productName = HaulHub;
			productReference = 3C4FCD142AFAE8BB9921E86E /* HaulHub.app */;
			productType = "com.apple.product-type.application";
		};
		91B2CBB45B5DC6B5F2910E28 /* HaulHubTests */ = {
			isa = PBXNativeTarget;
			buildConfigurationList = 5E079392755673354FF71CA8 /* Build configuration list for PBXNativeTarget "HaulHubTests" */;
			buildPhases = (
				FA819F9A3DB9DA0A1E37795D /* Sources */,
			);
			buildRules = (
			);
			dependencies = (
				42E04AF870C20FFDA3C4742A /* PBXTargetDependency */,
			);
			name = HaulHubTests;
			packageProductDependencies = (
			);
			productName = HaulHubTests;
			productReference = 5E8D642D0C1F0A676CD44EDC /* HaulHubTests.xctest */;
			productType = "com.apple.product-type.bundle.unit-test";
		};
/* End PBXNativeTarget section */

/* Begin PBXProject section */
		1F6AD388AC59EAD93AC1E0D1 /* Project object */ = {
			isa = PBXProject;
			attributes = {
				BuildIndependentTargetsInParallel = YES;
				LastUpgradeCheck = 1430;
				TargetAttributes = {
					8EF9C9D68D09E51A7B7B1C9F = {
						ProvisioningStyle = Automatic;
					};
				};
			};
			buildConfigurationList = 6007DAB1DFB2021DFF950011 /* Build configuration list for PBXProject "HaulHub" */;
			developmentRegion = en;
			hasScannedForEncodings = 0;
			knownRegions = (
				Base,
				en,
			);
			mainGroup = A1A10889DA2B9227A806BD61;
			minimizedProjectReferenceProxies = 1;
			preferredProjectObjectVersion = 77;
			productRefGroup = 73640CCDC4B6CF08C01EFDDB /* Products */;
			projectDirPath = "";
			projectRoot = "";
			targets = (
				8EF9C9D68D09E51A7B7B1C9F /* HaulHub */,
				91B2CBB45B5DC6B5F2910E28 /* HaulHubTests */,
			);
		};
/* End PBXProject section */

/* Begin PBXSourcesBuildPhase section */
		222477325EF1399710BE4613 /* Sources */ = {
			isa = PBXSourcesBuildPhase;
			buildActionMask = 2147483647;
			files = (
				6092B29426B931C51413BC39 /* APIClient.swift in Sources */,
				36BF37698F42A6E441F3E2FF /* APIClientKey.swift in Sources */,
				8B907D0425CBFC7E468C1769 /* ActiveHaulView.swift in Sources */,
				E768DE30A512B54F0BB1E841 /* Config.swift in Sources */,
				852121E67C6BD5C1A27CB941 /* ContentView.swift in Sources */,
				492DF7D0BFF2ED0923CB0FA7 /* HHComponents.swift in Sources */,
				E5E07A27378C17CDCC5213D7 /* HHTheme.swift in Sources */,
				6C66A11928D11903E1F6FB94 /* HaulHubApp.swift in Sources */,
				11E78ECB6A05C0200D08EEE4 /* HaulerHomeView.swift in Sources */,
				DD2925467C89A7092A23A437 /* LoadDetailView.swift in Sources */,
				6E35B105006F05105351E7EC /* MainTabView.swift in Sources */,
				BC96B6AB643C09FF570090AC /* MockData.swift in Sources */,
				AE33DA4FB095CDBF26115C6A /* ShipperHomeView.swift in Sources */,
				144685959C00B138E0E53929 /* SplashView.swift in Sources */,
			);
			runOnlyForDeploymentPostprocessing = 0;
		};
		FA819F9A3DB9DA0A1E37795D /* Sources */ = {
			isa = PBXSourcesBuildPhase;
			buildActionMask = 2147483647;
			files = (
				0DAB0275C64D3240817A040E /* HaulHubTests.swift in Sources */,
			);
			runOnlyForDeploymentPostprocessing = 0;
		};
/* End PBXSourcesBuildPhase section */

/* Begin PBXTargetDependency section */
		42E04AF870C20FFDA3C4742A /* PBXTargetDependency */ = {
			isa = PBXTargetDependency;
			target = 8EF9C9D68D09E51A7B7B1C9F /* HaulHub */;
			targetProxy = 7001AB1DF18C497FC252845F /* PBXContainerItemProxy */;
		};
/* End PBXTargetDependency section */

/* Begin XCBuildConfiguration section */
		31C59F01A001A179F266427F /* Release */ = {
			isa = XCBuildConfiguration;
			buildSettings = {
				ALWAYS_SEARCH_USER_PATHS = NO;
				CLANG_ANALYZER_NONNULL = YES;
				CLANG_ANALYZER_NUMBER_OBJECT_CONVERSION = YES_AGGRESSIVE;
				CLANG_CXX_LANGUAGE_STANDARD = "gnu++14";
				CLANG_CXX_LIBRARY = "libc++";
				CLANG_ENABLE_MODULES = YES;
				CLANG_ENABLE_OBJC_ARC = YES;
				CLANG_ENABLE_OBJC_WEAK = YES;
				CLANG_WARN_BLOCK_CAPTURE_AUTORELEASING = YES;
				CLANG_WARN_BOOL_CONVERSION = YES;
				CLANG_WARN_COMMA = YES;
				CLANG_WARN_CONSTANT_CONVERSION = YES;
				CLANG_WARN_DEPRECATED_OBJC_IMPLEMENTATIONS = YES;
				CLANG_WARN_DIRECT_OBJC_ISA_USAGE = YES_ERROR;
				CLANG_WARN_DOCUMENTATION_COMMENTS = YES;
				CLANG_WARN_EMPTY_BODY = YES;
				CLANG_WARN_ENUM_CONVERSION = YES;
				CLANG_WARN_INFINITE_RECURSION = YES;
				CLANG_WARN_INT_CONVERSION = YES;
				CLANG_WARN_NON_LITERAL_NULL_CONVERSION = YES;
				CLANG_WARN_OBJC_IMPLICIT_RETAIN_SELF = YES;
				CLANG_WARN_OBJC_LITERAL_CONVERSION = YES;
				CLANG_WARN_OBJC_ROOT_CLASS = YES_ERROR;
				CLANG_WARN_QUOTED_INCLUDE_IN_FRAMEWORK_HEADER = YES;
				CLANG_WARN_RANGE_LOOP_ANALYSIS = YES;
				CLANG_WARN_STRICT_PROTOTYPES = YES;
				CLANG_WARN_SUSPICIOUS_MOVE = YES;
				CLANG_WARN_UNGUARDED_AVAILABILITY = YES_AGGRESSIVE;
				CLANG_WARN_UNREACHABLE_CODE = YES;
				CLANG_WARN__DUPLICATE_METHOD_MATCH = YES;
				COPY_PHASE_STRIP = NO;
				DEBUG_INFORMATION_FORMAT = "dwarf-with-dsym";
				ENABLE_MODULE_VERIFIER = NO;
				ENABLE_NS_ASSERTIONS = NO;
				ENABLE_STRICT_OBJC_MSGSEND = YES;
				ENABLE_USER_SCRIPT_SANDBOXING = YES;
				GCC_C_LANGUAGE_STANDARD = gnu11;
				GCC_NO_COMMON_BLOCKS = YES;
				GCC_WARN_64_TO_32_BIT_CONVERSION = YES;
				GCC_WARN_ABOUT_RETURN_TYPE = YES_ERROR;
				GCC_WARN_UNDECLARED_SELECTOR = YES;
				GCC_WARN_UNINITIALIZED_AUTOS = YES_AGGRESSIVE;
				GCC_WARN_UNUSED_FUNCTION = YES;
				GCC_WARN_UNUSED_VARIABLE = YES;
				IPHONEOS_DEPLOYMENT_TARGET = 17.0;
				MTL_ENABLE_DEBUG_INFO = NO;
				MTL_FAST_MATH = YES;
				PRODUCT_NAME = "$(TARGET_NAME)";
				SDKROOT = iphoneos;
				SWIFT_COMPILATION_MODE = wholemodule;
				SWIFT_OPTIMIZATION_LEVEL = "-O";
				SWIFT_VERSION = 5.0;
			};
			name = Release;
		};
		464775C7A0E66FED9A4AE148 /* Debug */ = {
			isa = XCBuildConfiguration;
			buildSettings = {
				ASSETCATALOG_COMPILER_APPICON_NAME = AppIcon;
				ASSETCATALOG_COMPILER_GENERATE_ASSET_SYMBOL_EXTENSIONS = YES;
				CODE_SIGNING_ALLOWED = NO;
				CODE_SIGN_IDENTITY = "iPhone Developer";
				CODE_SIGN_STYLE = Automatic;
				GENERATE_INFOPLIST_FILE = YES;
				INFOPLIST_KEY_UIApplicationSceneManifest_Generation = YES;
				INFOPLIST_KEY_UIApplicationSupportsIndirectInputEvents = YES;
				INFOPLIST_KEY_UILaunchScreen_Generation = YES;
				INFOPLIST_KEY_UISupportedInterfaceOrientations_iPad = "UIInterfaceOrientationPortrait UIInterfaceOrientationPortraitUpsideDown UIInterfaceOrientationLandscapeLeft UIInterfaceOrientationLandscapeRight";
				INFOPLIST_KEY_UISupportedInterfaceOrientations_iPhone = "UIInterfaceOrientationPortrait UIInterfaceOrientationLandscapeLeft UIInterfaceOrientationLandscapeRight";
				LD_RUNPATH_SEARCH_PATHS = (
					"$(inherited)",
					"@executable_path/Frameworks",
				);
				PRODUCT_BUNDLE_IDENTIFIER = com.haulhub.ios;
				PRODUCT_NAME = HaulHub;
				SDKROOT = iphoneos;
				SWIFT_EMIT_LOC_STRINGS = YES;
				TARGETED_DEVICE_FAMILY = "1,2";
			};
			name = Debug;
		};
		49EACEA1AB3220B07CDAECD6 /* Debug */ = {
			isa = XCBuildConfiguration;
			buildSettings = {
				BUNDLE_LOADER = "$(TEST_HOST)";
				GENERATE_INFOPLIST_FILE = YES;
				LD_RUNPATH_SEARCH_PATHS = (
					"$(inherited)",
					"@executable_path/Frameworks",
					"@loader_path/Frameworks",
				);
				PRODUCT_BUNDLE_IDENTIFIER = com.haulhub.ios.tests;
				SDKROOT = iphoneos;
				TARGETED_DEVICE_FAMILY = "1,2";
				TEST_HOST = "$(BUILT_PRODUCTS_DIR)/HaulHub.app/$(BUNDLE_EXECUTABLE_FOLDER_PATH)/HaulHub";
			};
			name = Debug;
		};
		7675F5DBBF33F9C84B8191F6 /* Release */ = {
			isa = XCBuildConfiguration;
			buildSettings = {
				ASSETCATALOG_COMPILER_APPICON_NAME = AppIcon;
				ASSETCATALOG_COMPILER_GENERATE_ASSET_SYMBOL_EXTENSIONS = YES;
				CODE_SIGNING_ALLOWED = NO;
				CODE_SIGN_IDENTITY = "iPhone Developer";
				CODE_SIGN_STYLE = Automatic;
				GENERATE_INFOPLIST_FILE = YES;
				INFOPLIST_KEY_UIApplicationSceneManifest_Generation = YES;
				INFOPLIST_KEY_UIApplicationSupportsIndirectInputEvents = YES;
				INFOPLIST_KEY_UILaunchScreen_Generation = YES;
				INFOPLIST_KEY_UISupportedInterfaceOrientations_iPad = "UIInterfaceOrientationPortrait UIInterfaceOrientationPortraitUpsideDown UIInterfaceOrientationLandscapeLeft UIInterfaceOrientationLandscapeRight";
				INFOPLIST_KEY_UISupportedInterfaceOrientations_iPhone = "UIInterfaceOrientationPortrait UIInterfaceOrientationLandscapeLeft UIInterfaceOrientationLandscapeRight";
				LD_RUNPATH_SEARCH_PATHS = (
					"$(inherited)",
					"@executable_path/Frameworks",
				);
				PRODUCT_BUNDLE_IDENTIFIER = com.haulhub.ios;
				PRODUCT_NAME = HaulHub;
				SDKROOT = iphoneos;
				SWIFT_EMIT_LOC_STRINGS = YES;
				TARGETED_DEVICE_FAMILY = "1,2";
			};
			name = Release;
		};
		BDB121197A400ED168309115 /* Debug */ = {
			isa = XCBuildConfiguration;
			buildSettings = {
				ALWAYS_SEARCH_USER_PATHS = NO;
				CLANG_ANALYZER_NONNULL = YES;
				CLANG_ANALYZER_NUMBER_OBJECT_CONVERSION = YES_AGGRESSIVE;
				CLANG_CXX_LANGUAGE_STANDARD = "gnu++14";
				CLANG_CXX_LIBRARY = "libc++";
				CLANG_ENABLE_MODULES = YES;
				CLANG_ENABLE_OBJC_ARC = YES;
				CLANG_ENABLE_OBJC_WEAK = YES;
				CLANG_WARN_BLOCK_CAPTURE_AUTORELEASING = YES;
				CLANG_WARN_BOOL_CONVERSION = YES;
				CLANG_WARN_COMMA = YES;
				CLANG_WARN_CONSTANT_CONVERSION = YES;
				CLANG_WARN_DEPRECATED_OBJC_IMPLEMENTATIONS = YES;
				CLANG_WARN_DIRECT_OBJC_ISA_USAGE = YES_ERROR;
				CLANG_WARN_DOCUMENTATION_COMMENTS = YES;
				CLANG_WARN_EMPTY_BODY = YES;
				CLANG_WARN_ENUM_CONVERSION = YES;
				CLANG_WARN_INFINITE_RECURSION = YES;
				CLANG_WARN_INT_CONVERSION = YES;
				CLANG_WARN_NON_LITERAL_NULL_CONVERSION = YES;
				CLANG_WARN_OBJC_IMPLICIT_RETAIN_SELF = YES;
				CLANG_WARN_OBJC_LITERAL_CONVERSION = YES;
				CLANG_WARN_OBJC_ROOT_CLASS = YES_ERROR;
				CLANG_WARN_QUOTED_INCLUDE_IN_FRAMEWORK_HEADER = YES;
				CLANG_WARN_RANGE_LOOP_ANALYSIS = YES;
				CLANG_WARN_STRICT_PROTOTYPES = YES;
				CLANG_WARN_SUSPICIOUS_MOVE = YES;
				CLANG_WARN_UNGUARDED_AVAILABILITY = YES_AGGRESSIVE;
				CLANG_WARN_UNREACHABLE_CODE = YES;
				CLANG_WARN__DUPLICATE_METHOD_MATCH = YES;
				COPY_PHASE_STRIP = NO;
				DEBUG_INFORMATION_FORMAT = dwarf;
				ENABLE_MODULE_VERIFIER = NO;
				ENABLE_STRICT_OBJC_MSGSEND = YES;
				ENABLE_TESTABILITY = YES;
				ENABLE_USER_SCRIPT_SANDBOXING = YES;
				GCC_C_LANGUAGE_STANDARD = gnu11;
				GCC_DYNAMIC_NO_PIC = NO;
				GCC_NO_COMMON_BLOCKS = YES;
				GCC_OPTIMIZATION_LEVEL = 0;
				GCC_PREPROCESSOR_DEFINITIONS = (
					"$(inherited)",
					"DEBUG=1",
				);
				GCC_WARN_64_TO_32_BIT_CONVERSION = YES;
				GCC_WARN_ABOUT_RETURN_TYPE = YES_ERROR;
				GCC_WARN_UNDECLARED_SELECTOR = YES;
				GCC_WARN_UNINITIALIZED_AUTOS = YES_AGGRESSIVE;
				GCC_WARN_UNUSED_FUNCTION = YES;
				GCC_WARN_UNUSED_VARIABLE = YES;
				IPHONEOS_DEPLOYMENT_TARGET = 17.0;
				MTL_ENABLE_DEBUG_INFO = INCLUDE_SOURCE;
				MTL_FAST_MATH = YES;
				ONLY_ACTIVE_ARCH = YES;
				PRODUCT_NAME = "$(TARGET_NAME)";
				SDKROOT = iphoneos;
				SWIFT_ACTIVE_COMPILATION_CONDITIONS = DEBUG;
				SWIFT_OPTIMIZATION_LEVEL = "-Onone";
				SWIFT_VERSION = 5.0;
			};
			name = Debug;
		};
		D0A222AFB7AAFB1AB2FB9338 /* Release */ = {
			isa = XCBuildConfiguration;
			buildSettings = {
				BUNDLE_LOADER = "$(TEST_HOST)";
				GENERATE_INFOPLIST_FILE = YES;
				LD_RUNPATH_SEARCH_PATHS = (
					"$(inherited)",
					"@executable_path/Frameworks",
					"@loader_path/Frameworks",
				);
				PRODUCT_BUNDLE_IDENTIFIER = com.haulhub.ios.tests;
				SDKROOT = iphoneos;
				TARGETED_DEVICE_FAMILY = "1,2";
				TEST_HOST = "$(BUILT_PRODUCTS_DIR)/HaulHub.app/$(BUNDLE_EXECUTABLE_FOLDER_PATH)/HaulHub";
			};
			name = Release;
		};
/* End XCBuildConfiguration section */

/* Begin XCConfigurationList section */
		4D80BDCC6964809C4B1F90B8 /* Build configuration list for PBXNativeTarget "HaulHub" */ = {
			isa = XCConfigurationList;
			buildConfigurations = (
				464775C7A0E66FED9A4AE148 /* Debug */,
				7675F5DBBF33F9C84B8191F6 /* Release */,
			);
			defaultConfigurationIsVisible = 0;
			defaultConfigurationName = Debug;
		};
		5E079392755673354FF71CA8 /* Build configuration list for PBXNativeTarget "HaulHubTests" */ = {
			isa = XCConfigurationList;
			buildConfigurations = (
				49EACEA1AB3220B07CDAECD6 /* Debug */,
				D0A222AFB7AAFB1AB2FB9338 /* Release */,
			);
			defaultConfigurationIsVisible = 0;
			defaultConfigurationName = Debug;
		};
		6007DAB1DFB2021DFF950011 /* Build configuration list for PBXProject "HaulHub" */ = {
			isa = XCConfigurationList;
			buildConfigurations = (
				BDB121197A400ED168309115 /* Debug */,
				31C59F01A001A179F266427F /* Release */,
			);
			defaultConfigurationIsVisible = 0;
			defaultConfigurationName = Debug;
		};
/* End XCConfigurationList section */
	};
	rootObject = 1F6AD388AC59EAD93AC1E0D1 /* Project object */;
}
